# This file is automatically @generated by Cargo.
# It is not intended for manual editing.
version = 3

[[package]]
name = "beginner_tools"
version = "1.1.1"
source = "registry+https://github.com/rust-lang/crates.io-index"
checksum = "798e46966eda36993c831041452aebe0c5f4d1bfcc0bd2f01234b3c1da1045b0"

[[package]]
name = "straight-equation"
version = "0.1.0"
dependencies = [
 "beginner_tools",
]
